
Microsoft Visual Studio Solution File, Format Version 12.00
# Visual Studio Version 17
VisualStudioVersion = 17.8.34330.188
MinimumVisualStudioVersion = 10.0.40219.1
Project("{FAE04EC0-301F-11D3-BF4B-00C04F79EFBC}") = "BankingAPI", "BankingAPI\BankingAPI.csproj", "{0BB785E5-A402-4FD7-B3BE-E025DF7A241C}"
EndProject
Global
	GlobalSection(SolutionConfigurationPlatforms) = preSolution
		Debug|Any CPU = Debug|Any CPU
		Release|Any CPU = Release|Any CPU
	EndGlobalSection
	GlobalSection(ProjectConfigurationPlatforms) = postSolution
		{0BB785E5-A402-4FD7-B3BE-E025DF7A241C}.Debug|Any CPU.ActiveCfg = Debug|Any CPU
		{0BB785E5-A402-4FD7-B3BE-E025DF7A241C}.Debug|Any CPU.Build.0 = Debug|Any CPU
		{0BB785E5-A402-4FD7-B3BE-E025DF7A241C}.Release|Any CPU.ActiveCfg = Release|Any CPU
		{0BB785E5-A402-4FD7-B3BE-E025DF7A241C}.Release|Any CPU.Build.0 = Release|Any CPU
	EndGlobalSection
	GlobalSection(SolutionProperties) = preSolution
		HideSolutionNode = FALSE
	EndGlobalSection
	GlobalSection(ExtensibilityGlobals) = postSolution
		SolutionGuid = {B3021072-FD7C-4C92-B3F5-02EF9EE6D80B}
	EndGlobalSection
EndGlobal
