
Microsoft Visual Studio Solution File, Format Version 12.00
# Visual Studio Version 17
VisualStudioVersion = 17.8.34330.188
MinimumVisualStudioVersion = 10.0.40219.1
Project("{9A19103F-16F7-4668-BE54-9A1E7A4F7556}") = "DesignPatternsApp", "DesignPatternsApp\DesignPatternsApp.csproj", "{6C8B6D59-B070-4B7C-B191-7C5832647085}"
EndProject
Project("{9A19103F-16F7-4668-BE54-9A1E7A4F7556}") = "NonThreadSafeSingletonApp", "NonThreadSafeSingletonApp\NonThreadSafeSingletonApp.csproj", "{8E1DF175-E246-4DF5-A13B-8A61F400CFCC}"
EndProject
Project("{9A19103F-16F7-4668-BE54-9A1E7A4F7556}") = "ThreadSafeSingletonApp", "ThreadSafeSingletonApp\ThreadSafeSingletonApp.csproj", "{201B48AF-F8A8-4616-8A1F-4BEFA24637D0}"
EndProject
Project("{9A19103F-16F7-4668-BE54-9A1E7A4F7556}") = "DoubleLockedSingletonApp", "DoubleLockedSingletonApp\DoubleLockedSingletonApp.csproj", "{BE621B66-7F7A-49F3-B600-894D523E2A0F}"
EndProject
Project("{9A19103F-16F7-4668-BE54-9A1E7A4F7556}") = "LazySingletonApp", "LazySingleton\LazySingletonApp.csproj", "{E934AC87-42FB-490A-A9D6-087612115481}"
EndProject
Project("{9A19103F-16F7-4668-BE54-9A1E7A4F7556}") = "LoadBalancerApp", "LoadBalancerApp\LoadBalancerApp.csproj", "{F6BE35EE-68EB-470C-A3CF-A4E28FAB7BB8}"
EndProject
Project("{9A19103F-16F7-4668-BE54-9A1E7A4F7556}") = "FactoryPatternApp", "FactoryPatternApp\FactoryPatternApp.csproj", "{E32C8793-F69E-4C60-A222-630047A0A4E6}"
EndProject
Project("{9A19103F-16F7-4668-BE54-9A1E7A4F7556}") = "LoggerFactoryApp", "LoggerFactoryApp\LoggerFactoryApp.csproj", "{BAD9A460-509E-4BD0-A747-336068B5FA8C}"
EndProject
Project("{9A19103F-16F7-4668-BE54-9A1E7A4F7556}") = "AbstractFactoryApp", "AbstractFactoryApp\AbstractFactoryApp.csproj", "{21C61C34-E56C-40BA-8868-EC97B14861ED}"
EndProject
Project("{9A19103F-16F7-4668-BE54-9A1E7A4F7556}") = "AbstractFactoryDesignPatternApp", "AbstractFactoryDesignPatternApp\AbstractFactoryDesignPatternApp.csproj", "{9725415F-07B8-4919-B54D-31443EC678AA}"
EndProject
Project("{9A19103F-16F7-4668-BE54-9A1E7A4F7556}") = "BuilderPatternApp", "BuilderPatternApp\BuilderPatternApp.csproj", "{2714FFAB-D5F6-42FC-993D-BE4FE5C18B97}"
EndProject
Project("{9A19103F-16F7-4668-BE54-9A1E7A4F7556}") = "PrototypeApp", "PrototypeApp\PrototypeApp.csproj", "{C022C5C7-CDDB-411E-A80F-D1BFECCEA605}"
EndProject
Project("{9A19103F-16F7-4668-BE54-9A1E7A4F7556}") = "ShallowCopyApp", "ShallowCopyApp\ShallowCopyApp.csproj", "{0D00826C-3E37-47DF-AF5B-9B754309C2A1}"
EndProject
Project("{9A19103F-16F7-4668-BE54-9A1E7A4F7556}") = "DeepCopyApp", "DeepCopyApp\DeepCopyApp.csproj", "{DD409C7F-D0CF-46A0-AB40-B2BB02BF0DC1}"
EndProject
Project("{9A19103F-16F7-4668-BE54-9A1E7A4F7556}") = "AdapterPatternApp", "AdapterPatternApp\AdapterPatternApp.csproj", "{2E7AC1A9-08FA-4BA3-9F92-8056F90E87B7}"
EndProject
Project("{9A19103F-16F7-4668-BE54-9A1E7A4F7556}") = "BridgePatternApp", "BridgePatternApp\BridgePatternApp.csproj", "{963DE055-893E-4E49-BF06-D6B17E607F93}"
EndProject
Project("{9A19103F-16F7-4668-BE54-9A1E7A4F7556}") = "FilterPatternApp", "FilterPatternApp\FilterPatternApp.csproj", "{818EECC6-BD7E-4C1F-9600-0ACD47247CBE}"
EndProject
Project("{9A19103F-16F7-4668-BE54-9A1E7A4F7556}") = "CompositePatternApp", "CompositePatternApp\CompositePatternApp.csproj", "{EB2D11C9-919F-43EB-B676-E6AA61389E4D}"
EndProject
Project("{9A19103F-16F7-4668-BE54-9A1E7A4F7556}") = "DecoratorPatternApp", "DecoratorPatternApp\DecoratorPatternApp.csproj", "{8B43EF08-56D1-4645-9A6F-B7C857513703}"
EndProject
Project("{9A19103F-16F7-4668-BE54-9A1E7A4F7556}") = "FacadePatternApp", "FacadePatternApp\FacadePatternApp.csproj", "{3855A44B-79C8-4B4B-AA6B-BF390966ED7A}"
EndProject
Project("{9A19103F-16F7-4668-BE54-9A1E7A4F7556}") = "FlyWeightPatternApp", "FlyWeightPatternApp\FlyWeightPatternApp.csproj", "{611CD558-FD20-4870-9CC2-3789150E8CED}"
EndProject
Project("{9A19103F-16F7-4668-BE54-9A1E7A4F7556}") = "ProxyPatternApp", "ProxyPatternApp\ProxyPatternApp.csproj", "{6F283E1C-CF1B-4A32-928D-007A362FB491}"
EndProject
Project("{9A19103F-16F7-4668-BE54-9A1E7A4F7556}") = "ChainOfResponsibility", "ChainOfResponsibility\ChainOfResponsibility.csproj", "{80064DE0-E524-4D4E-89E4-738E28008AF0}"
EndProject
Project("{9A19103F-16F7-4668-BE54-9A1E7A4F7556}") = "CommandPatternApp", "CommandPatternApp\CommandPatternApp.csproj", "{4FFEEBB6-71EA-4EC8-AAD7-EB73E8258188}"
EndProject
Project("{9A19103F-16F7-4668-BE54-9A1E7A4F7556}") = "InterpreterPatternApp", "InterpreterPatternApp\InterpreterPatternApp.csproj", "{E2B8BAC9-AA20-4D3B-8134-3958E009378B}"
EndProject
Project("{9A19103F-16F7-4668-BE54-9A1E7A4F7556}") = "IteratorPatternApp", "IteratorPatternApp\IteratorPatternApp.csproj", "{98D389C3-8567-4F4E-A686-DE398924A74F}"
EndProject
Project("{9A19103F-16F7-4668-BE54-9A1E7A4F7556}") = "MediatorPatternApp", "MediatorPatternApp\MediatorPatternApp.csproj", "{0CCAA2F4-2B50-4CFE-92C8-396B1AF545A3}"
EndProject
Project("{9A19103F-16F7-4668-BE54-9A1E7A4F7556}") = "MementoPatternApp", "MementoPatternApp\MementoPatternApp.csproj", "{8E6896F8-F9AB-4728-8C69-D79D0ABB1059}"
EndProject
Project("{9A19103F-16F7-4668-BE54-9A1E7A4F7556}") = "MementoCartApp", "MementoCartApp\MementoCartApp.csproj", "{D667366D-F724-47C4-AA8B-06AC3D633EF9}"
EndProject
Project("{9A19103F-16F7-4668-BE54-9A1E7A4F7556}") = "ObserverPatternApp", "ObserverPatternApp\ObserverPatternApp.csproj", "{3CB30861-CBF2-4C0C-B783-F0A56BA26D91}"
EndProject
Project("{9A19103F-16F7-4668-BE54-9A1E7A4F7556}") = "ObserverTraderPatternApp", "ObserverTraderPatternApp\ObserverTraderPatternApp.csproj", "{64B94ADA-F8B6-4D1A-8B89-3B8A50DCAEE3}"
EndProject
Project("{9A19103F-16F7-4668-BE54-9A1E7A4F7556}") = "StatePatternApp", "StatePatternApp\StatePatternApp.csproj", "{385B01C8-4873-4E5A-9E03-F47723506C44}"
EndProject
Project("{9A19103F-16F7-4668-BE54-9A1E7A4F7556}") = "StateATMPatternApp", "StateATMPatternApp\StateATMPatternApp.csproj", "{F7562865-15F6-4459-89AF-02FB492BE7C6}"
EndProject
Project("{9A19103F-16F7-4668-BE54-9A1E7A4F7556}") = "NullObjectPatternApp", "NullObjectPatternApp\NullObjectPatternApp.csproj", "{EE494585-53D8-4F60-9CB3-62619F3E7253}"
EndProject
Project("{9A19103F-16F7-4668-BE54-9A1E7A4F7556}") = "StrategyPatternApp", "StrategyPatternApp\StrategyPatternApp.csproj", "{93C009E5-D5F3-49B8-9F0F-8ABF163D6901}"
EndProject
Project("{9A19103F-16F7-4668-BE54-9A1E7A4F7556}") = "TemplateMethodDesignPattern", "TemplateMethodDesignPattern\TemplateMethodDesignPattern.csproj", "{5830BFBB-369F-4517-BDD3-FD80B525B9A6}"
EndProject
Project("{9A19103F-16F7-4668-BE54-9A1E7A4F7556}") = "TemplateOrderPatternApp", "TemplateOrderPatternApp\TemplateOrderPatternApp.csproj", "{ADAF237E-5A19-4819-8CAA-72BCEAA17B50}"
EndProject
Project("{9A19103F-16F7-4668-BE54-9A1E7A4F7556}") = "VisitorPatternApp", "VisitorPatternApp\VisitorPatternApp.csproj", "{6249DEC1-4330-4CA3-BB8C-A8FF44351F35}"
EndProject
Project("{9A19103F-16F7-4668-BE54-9A1E7A4F7556}") = "VisitorTicketPatternApp", "VisitorTicketPatternApp\VisitorTicketPatternApp.csproj", "{7217D307-208A-43F6-A4D4-FDB10418DBA0}"
EndProject
Project("{9A19103F-16F7-4668-BE54-9A1E7A4F7556}") = "InterceptingFilterPatternApp", "InterceptingFilterPatternApp\InterceptingFilterPatternApp.csproj", "{6DF6A4EA-080F-4699-B865-C3513F520105}"
EndProject
Project("{9A19103F-16F7-4668-BE54-9A1E7A4F7556}") = "TransferObjectPatternApp", "TransferObjectPatternApp\TransferObjectPatternApp.csproj", "{F7990639-067F-48E5-91E9-918527CA8CC5}"
EndProject
Global
	GlobalSection(SolutionConfigurationPlatforms) = preSolution
		Debug|Any CPU = Debug|Any CPU
		Release|Any CPU = Release|Any CPU
	EndGlobalSection
	GlobalSection(ProjectConfigurationPlatforms) = postSolution
		{6C8B6D59-B070-4B7C-B191-7C5832647085}.Debug|Any CPU.ActiveCfg = Debug|Any CPU
		{6C8B6D59-B070-4B7C-B191-7C5832647085}.Debug|Any CPU.Build.0 = Debug|Any CPU
		{6C8B6D59-B070-4B7C-B191-7C5832647085}.Release|Any CPU.ActiveCfg = Release|Any CPU
		{6C8B6D59-B070-4B7C-B191-7C5832647085}.Release|Any CPU.Build.0 = Release|Any CPU
		{8E1DF175-E246-4DF5-A13B-8A61F400CFCC}.Debug|Any CPU.ActiveCfg = Debug|Any CPU
		{8E1DF175-E246-4DF5-A13B-8A61F400CFCC}.Debug|Any CPU.Build.0 = Debug|Any CPU
		{8E1DF175-E246-4DF5-A13B-8A61F400CFCC}.Release|Any CPU.ActiveCfg = Release|Any CPU
		{8E1DF175-E246-4DF5-A13B-8A61F400CFCC}.Release|Any CPU.Build.0 = Release|Any CPU
		{201B48AF-F8A8-4616-8A1F-4BEFA24637D0}.Debug|Any CPU.ActiveCfg = Debug|Any CPU
		{201B48AF-F8A8-4616-8A1F-4BEFA24637D0}.Debug|Any CPU.Build.0 = Debug|Any CPU
		{201B48AF-F8A8-4616-8A1F-4BEFA24637D0}.Release|Any CPU.ActiveCfg = Release|Any CPU
		{201B48AF-F8A8-4616-8A1F-4BEFA24637D0}.Release|Any CPU.Build.0 = Release|Any CPU
		{BE621B66-7F7A-49F3-B600-894D523E2A0F}.Debug|Any CPU.ActiveCfg = Debug|Any CPU
		{BE621B66-7F7A-49F3-B600-894D523E2A0F}.Debug|Any CPU.Build.0 = Debug|Any CPU
		{BE621B66-7F7A-49F3-B600-894D523E2A0F}.Release|Any CPU.ActiveCfg = Release|Any CPU
		{BE621B66-7F7A-49F3-B600-894D523E2A0F}.Release|Any CPU.Build.0 = Release|Any CPU
		{E934AC87-42FB-490A-A9D6-087612115481}.Debug|Any CPU.ActiveCfg = Debug|Any CPU
		{E934AC87-42FB-490A-A9D6-087612115481}.Debug|Any CPU.Build.0 = Debug|Any CPU
		{E934AC87-42FB-490A-A9D6-087612115481}.Release|Any CPU.ActiveCfg = Release|Any CPU
		{E934AC87-42FB-490A-A9D6-087612115481}.Release|Any CPU.Build.0 = Release|Any CPU
		{F6BE35EE-68EB-470C-A3CF-A4E28FAB7BB8}.Debug|Any CPU.ActiveCfg = Debug|Any CPU
		{F6BE35EE-68EB-470C-A3CF-A4E28FAB7BB8}.Debug|Any CPU.Build.0 = Debug|Any CPU
		{F6BE35EE-68EB-470C-A3CF-A4E28FAB7BB8}.Release|Any CPU.ActiveCfg = Release|Any CPU
		{F6BE35EE-68EB-470C-A3CF-A4E28FAB7BB8}.Release|Any CPU.Build.0 = Release|Any CPU
		{E32C8793-F69E-4C60-A222-630047A0A4E6}.Debug|Any CPU.ActiveCfg = Debug|Any CPU
		{E32C8793-F69E-4C60-A222-630047A0A4E6}.Debug|Any CPU.Build.0 = Debug|Any CPU
		{E32C8793-F69E-4C60-A222-630047A0A4E6}.Release|Any CPU.ActiveCfg = Release|Any CPU
		{E32C8793-F69E-4C60-A222-630047A0A4E6}.Release|Any CPU.Build.0 = Release|Any CPU
		{BAD9A460-509E-4BD0-A747-336068B5FA8C}.Debug|Any CPU.ActiveCfg = Debug|Any CPU
		{BAD9A460-509E-4BD0-A747-336068B5FA8C}.Debug|Any CPU.Build.0 = Debug|Any CPU
		{BAD9A460-509E-4BD0-A747-336068B5FA8C}.Release|Any CPU.ActiveCfg = Release|Any CPU
		{BAD9A460-509E-4BD0-A747-336068B5FA8C}.Release|Any CPU.Build.0 = Release|Any CPU
		{21C61C34-E56C-40BA-8868-EC97B14861ED}.Debug|Any CPU.ActiveCfg = Debug|Any CPU
		{21C61C34-E56C-40BA-8868-EC97B14861ED}.Debug|Any CPU.Build.0 = Debug|Any CPU
		{21C61C34-E56C-40BA-8868-EC97B14861ED}.Release|Any CPU.ActiveCfg = Release|Any CPU
		{21C61C34-E56C-40BA-8868-EC97B14861ED}.Release|Any CPU.Build.0 = Release|Any CPU
		{9725415F-07B8-4919-B54D-31443EC678AA}.Debug|Any CPU.ActiveCfg = Debug|Any CPU
		{9725415F-07B8-4919-B54D-31443EC678AA}.Debug|Any CPU.Build.0 = Debug|Any CPU
		{9725415F-07B8-4919-B54D-31443EC678AA}.Release|Any CPU.ActiveCfg = Release|Any CPU
		{9725415F-07B8-4919-B54D-31443EC678AA}.Release|Any CPU.Build.0 = Release|Any CPU
		{2714FFAB-D5F6-42FC-993D-BE4FE5C18B97}.Debug|Any CPU.ActiveCfg = Debug|Any CPU
		{2714FFAB-D5F6-42FC-993D-BE4FE5C18B97}.Debug|Any CPU.Build.0 = Debug|Any CPU
		{2714FFAB-D5F6-42FC-993D-BE4FE5C18B97}.Release|Any CPU.ActiveCfg = Release|Any CPU
		{2714FFAB-D5F6-42FC-993D-BE4FE5C18B97}.Release|Any CPU.Build.0 = Release|Any CPU
		{C022C5C7-CDDB-411E-A80F-D1BFECCEA605}.Debug|Any CPU.ActiveCfg = Debug|Any CPU
		{C022C5C7-CDDB-411E-A80F-D1BFECCEA605}.Debug|Any CPU.Build.0 = Debug|Any CPU
		{C022C5C7-CDDB-411E-A80F-D1BFECCEA605}.Release|Any CPU.ActiveCfg = Release|Any CPU
		{C022C5C7-CDDB-411E-A80F-D1BFECCEA605}.Release|Any CPU.Build.0 = Release|Any CPU
		{0D00826C-3E37-47DF-AF5B-9B754309C2A1}.Debug|Any CPU.ActiveCfg = Debug|Any CPU
		{0D00826C-3E37-47DF-AF5B-9B754309C2A1}.Debug|Any CPU.Build.0 = Debug|Any CPU
		{0D00826C-3E37-47DF-AF5B-9B754309C2A1}.Release|Any CPU.ActiveCfg = Release|Any CPU
		{0D00826C-3E37-47DF-AF5B-9B754309C2A1}.Release|Any CPU.Build.0 = Release|Any CPU
		{DD409C7F-D0CF-46A0-AB40-B2BB02BF0DC1}.Debug|Any CPU.ActiveCfg = Debug|Any CPU
		{DD409C7F-D0CF-46A0-AB40-B2BB02BF0DC1}.Debug|Any CPU.Build.0 = Debug|Any CPU
		{DD409C7F-D0CF-46A0-AB40-B2BB02BF0DC1}.Release|Any CPU.ActiveCfg = Release|Any CPU
		{DD409C7F-D0CF-46A0-AB40-B2BB02BF0DC1}.Release|Any CPU.Build.0 = Release|Any CPU
		{2E7AC1A9-08FA-4BA3-9F92-8056F90E87B7}.Debug|Any CPU.ActiveCfg = Debug|Any CPU
		{2E7AC1A9-08FA-4BA3-9F92-8056F90E87B7}.Debug|Any CPU.Build.0 = Debug|Any CPU
		{2E7AC1A9-08FA-4BA3-9F92-8056F90E87B7}.Release|Any CPU.ActiveCfg = Release|Any CPU
		{2E7AC1A9-08FA-4BA3-9F92-8056F90E87B7}.Release|Any CPU.Build.0 = Release|Any CPU
		{963DE055-893E-4E49-BF06-D6B17E607F93}.Debug|Any CPU.ActiveCfg = Debug|Any CPU
		{963DE055-893E-4E49-BF06-D6B17E607F93}.Debug|Any CPU.Build.0 = Debug|Any CPU
		{963DE055-893E-4E49-BF06-D6B17E607F93}.Release|Any CPU.ActiveCfg = Release|Any CPU
		{963DE055-893E-4E49-BF06-D6B17E607F93}.Release|Any CPU.Build.0 = Release|Any CPU
		{818EECC6-BD7E-4C1F-9600-0ACD47247CBE}.Debug|Any CPU.ActiveCfg = Debug|Any CPU
		{818EECC6-BD7E-4C1F-9600-0ACD47247CBE}.Debug|Any CPU.Build.0 = Debug|Any CPU
		{818EECC6-BD7E-4C1F-9600-0ACD47247CBE}.Release|Any CPU.ActiveCfg = Release|Any CPU
		{818EECC6-BD7E-4C1F-9600-0ACD47247CBE}.Release|Any CPU.Build.0 = Release|Any CPU
		{EB2D11C9-919F-43EB-B676-E6AA61389E4D}.Debug|Any CPU.ActiveCfg = Debug|Any CPU
		{EB2D11C9-919F-43EB-B676-E6AA61389E4D}.Debug|Any CPU.Build.0 = Debug|Any CPU
		{EB2D11C9-919F-43EB-B676-E6AA61389E4D}.Release|Any CPU.ActiveCfg = Release|Any CPU
		{EB2D11C9-919F-43EB-B676-E6AA61389E4D}.Release|Any CPU.Build.0 = Release|Any CPU
		{8B43EF08-56D1-4645-9A6F-B7C857513703}.Debug|Any CPU.ActiveCfg = Debug|Any CPU
		{8B43EF08-56D1-4645-9A6F-B7C857513703}.Debug|Any CPU.Build.0 = Debug|Any CPU
		{8B43EF08-56D1-4645-9A6F-B7C857513703}.Release|Any CPU.ActiveCfg = Release|Any CPU
		{8B43EF08-56D1-4645-9A6F-B7C857513703}.Release|Any CPU.Build.0 = Release|Any CPU
		{3855A44B-79C8-4B4B-AA6B-BF390966ED7A}.Debug|Any CPU.ActiveCfg = Debug|Any CPU
		{3855A44B-79C8-4B4B-AA6B-BF390966ED7A}.Debug|Any CPU.Build.0 = Debug|Any CPU
		{3855A44B-79C8-4B4B-AA6B-BF390966ED7A}.Release|Any CPU.ActiveCfg = Release|Any CPU
		{3855A44B-79C8-4B4B-AA6B-BF390966ED7A}.Release|Any CPU.Build.0 = Release|Any CPU
		{611CD558-FD20-4870-9CC2-3789150E8CED}.Debug|Any CPU.ActiveCfg = Debug|Any CPU
		{611CD558-FD20-4870-9CC2-3789150E8CED}.Debug|Any CPU.Build.0 = Debug|Any CPU
		{611CD558-FD20-4870-9CC2-3789150E8CED}.Release|Any CPU.ActiveCfg = Release|Any CPU
		{611CD558-FD20-4870-9CC2-3789150E8CED}.Release|Any CPU.Build.0 = Release|Any CPU
		{6F283E1C-CF1B-4A32-928D-007A362FB491}.Debug|Any CPU.ActiveCfg = Debug|Any CPU
		{6F283E1C-CF1B-4A32-928D-007A362FB491}.Debug|Any CPU.Build.0 = Debug|Any CPU
		{6F283E1C-CF1B-4A32-928D-007A362FB491}.Release|Any CPU.ActiveCfg = Release|Any CPU
		{6F283E1C-CF1B-4A32-928D-007A362FB491}.Release|Any CPU.Build.0 = Release|Any CPU
		{80064DE0-E524-4D4E-89E4-738E28008AF0}.Debug|Any CPU.ActiveCfg = Debug|Any CPU
		{80064DE0-E524-4D4E-89E4-738E28008AF0}.Debug|Any CPU.Build.0 = Debug|Any CPU
		{80064DE0-E524-4D4E-89E4-738E28008AF0}.Release|Any CPU.ActiveCfg = Release|Any CPU
		{80064DE0-E524-4D4E-89E4-738E28008AF0}.Release|Any CPU.Build.0 = Release|Any CPU
		{4FFEEBB6-71EA-4EC8-AAD7-EB73E8258188}.Debug|Any CPU.ActiveCfg = Debug|Any CPU
		{4FFEEBB6-71EA-4EC8-AAD7-EB73E8258188}.Debug|Any CPU.Build.0 = Debug|Any CPU
		{4FFEEBB6-71EA-4EC8-AAD7-EB73E8258188}.Release|Any CPU.ActiveCfg = Release|Any CPU
		{4FFEEBB6-71EA-4EC8-AAD7-EB73E8258188}.Release|Any CPU.Build.0 = Release|Any CPU
		{E2B8BAC9-AA20-4D3B-8134-3958E009378B}.Debug|Any CPU.ActiveCfg = Debug|Any CPU
		{E2B8BAC9-AA20-4D3B-8134-3958E009378B}.Debug|Any CPU.Build.0 = Debug|Any CPU
		{E2B8BAC9-AA20-4D3B-8134-3958E009378B}.Release|Any CPU.ActiveCfg = Release|Any CPU
		{E2B8BAC9-AA20-4D3B-8134-3958E009378B}.Release|Any CPU.Build.0 = Release|Any CPU
		{98D389C3-8567-4F4E-A686-DE398924A74F}.Debug|Any CPU.ActiveCfg = Debug|Any CPU
		{98D389C3-8567-4F4E-A686-DE398924A74F}.Debug|Any CPU.Build.0 = Debug|Any CPU
		{98D389C3-8567-4F4E-A686-DE398924A74F}.Release|Any CPU.ActiveCfg = Release|Any CPU
		{98D389C3-8567-4F4E-A686-DE398924A74F}.Release|Any CPU.Build.0 = Release|Any CPU
		{0CCAA2F4-2B50-4CFE-92C8-396B1AF545A3}.Debug|Any CPU.ActiveCfg = Debug|Any CPU
		{0CCAA2F4-2B50-4CFE-92C8-396B1AF545A3}.Debug|Any CPU.Build.0 = Debug|Any CPU
		{0CCAA2F4-2B50-4CFE-92C8-396B1AF545A3}.Release|Any CPU.ActiveCfg = Release|Any CPU
		{0CCAA2F4-2B50-4CFE-92C8-396B1AF545A3}.Release|Any CPU.Build.0 = Release|Any CPU
		{8E6896F8-F9AB-4728-8C69-D79D0ABB1059}.Debug|Any CPU.ActiveCfg = Debug|Any CPU
		{8E6896F8-F9AB-4728-8C69-D79D0ABB1059}.Debug|Any CPU.Build.0 = Debug|Any CPU
		{8E6896F8-F9AB-4728-8C69-D79D0ABB1059}.Release|Any CPU.ActiveCfg = Release|Any CPU
		{8E6896F8-F9AB-4728-8C69-D79D0ABB1059}.Release|Any CPU.Build.0 = Release|Any CPU
		{D667366D-F724-47C4-AA8B-06AC3D633EF9}.Debug|Any CPU.ActiveCfg = Debug|Any CPU
		{D667366D-F724-47C4-AA8B-06AC3D633EF9}.Debug|Any CPU.Build.0 = Debug|Any CPU
		{D667366D-F724-47C4-AA8B-06AC3D633EF9}.Release|Any CPU.ActiveCfg = Release|Any CPU
		{D667366D-F724-47C4-AA8B-06AC3D633EF9}.Release|Any CPU.Build.0 = Release|Any CPU
		{3CB30861-CBF2-4C0C-B783-F0A56BA26D91}.Debug|Any CPU.ActiveCfg = Debug|Any CPU
		{3CB30861-CBF2-4C0C-B783-F0A56BA26D91}.Debug|Any CPU.Build.0 = Debug|Any CPU
		{3CB30861-CBF2-4C0C-B783-F0A56BA26D91}.Release|Any CPU.ActiveCfg = Release|Any CPU
		{3CB30861-CBF2-4C0C-B783-F0A56BA26D91}.Release|Any CPU.Build.0 = Release|Any CPU
		{64B94ADA-F8B6-4D1A-8B89-3B8A50DCAEE3}.Debug|Any CPU.ActiveCfg = Debug|Any CPU
		{64B94ADA-F8B6-4D1A-8B89-3B8A50DCAEE3}.Debug|Any CPU.Build.0 = Debug|Any CPU
		{64B94ADA-F8B6-4D1A-8B89-3B8A50DCAEE3}.Release|Any CPU.ActiveCfg = Release|Any CPU
		{64B94ADA-F8B6-4D1A-8B89-3B8A50DCAEE3}.Release|Any CPU.Build.0 = Release|Any CPU
		{385B01C8-4873-4E5A-9E03-F47723506C44}.Debug|Any CPU.ActiveCfg = Debug|Any CPU
		{385B01C8-4873-4E5A-9E03-F47723506C44}.Debug|Any CPU.Build.0 = Debug|Any CPU
		{385B01C8-4873-4E5A-9E03-F47723506C44}.Release|Any CPU.ActiveCfg = Release|Any CPU
		{385B01C8-4873-4E5A-9E03-F47723506C44}.Release|Any CPU.Build.0 = Release|Any CPU
		{F7562865-15F6-4459-89AF-02FB492BE7C6}.Debug|Any CPU.ActiveCfg = Debug|Any CPU
		{F7562865-15F6-4459-89AF-02FB492BE7C6}.Debug|Any CPU.Build.0 = Debug|Any CPU
		{F7562865-15F6-4459-89AF-02FB492BE7C6}.Release|Any CPU.ActiveCfg = Release|Any CPU
		{F7562865-15F6-4459-89AF-02FB492BE7C6}.Release|Any CPU.Build.0 = Release|Any CPU
		{EE494585-53D8-4F60-9CB3-62619F3E7253}.Debug|Any CPU.ActiveCfg = Debug|Any CPU
		{EE494585-53D8-4F60-9CB3-62619F3E7253}.Debug|Any CPU.Build.0 = Debug|Any CPU
		{EE494585-53D8-4F60-9CB3-62619F3E7253}.Release|Any CPU.ActiveCfg = Release|Any CPU
		{EE494585-53D8-4F60-9CB3-62619F3E7253}.Release|Any CPU.Build.0 = Release|Any CPU
		{93C009E5-D5F3-49B8-9F0F-8ABF163D6901}.Debug|Any CPU.ActiveCfg = Debug|Any CPU
		{93C009E5-D5F3-49B8-9F0F-8ABF163D6901}.Debug|Any CPU.Build.0 = Debug|Any CPU
		{93C009E5-D5F3-49B8-9F0F-8ABF163D6901}.Release|Any CPU.ActiveCfg = Release|Any CPU
		{93C009E5-D5F3-49B8-9F0F-8ABF163D6901}.Release|Any CPU.Build.0 = Release|Any CPU
		{5830BFBB-369F-4517-BDD3-FD80B525B9A6}.Debug|Any CPU.ActiveCfg = Debug|Any CPU
		{5830BFBB-369F-4517-BDD3-FD80B525B9A6}.Debug|Any CPU.Build.0 = Debug|Any CPU
		{5830BFBB-369F-4517-BDD3-FD80B525B9A6}.Release|Any CPU.ActiveCfg = Release|Any CPU
		{5830BFBB-369F-4517-BDD3-FD80B525B9A6}.Release|Any CPU.Build.0 = Release|Any CPU
		{ADAF237E-5A19-4819-8CAA-72BCEAA17B50}.Debug|Any CPU.ActiveCfg = Debug|Any CPU
		{ADAF237E-5A19-4819-8CAA-72BCEAA17B50}.Debug|Any CPU.Build.0 = Debug|Any CPU
		{ADAF237E-5A19-4819-8CAA-72BCEAA17B50}.Release|Any CPU.ActiveCfg = Release|Any CPU
		{ADAF237E-5A19-4819-8CAA-72BCEAA17B50}.Release|Any CPU.Build.0 = Release|Any CPU
		{6249DEC1-4330-4CA3-BB8C-A8FF44351F35}.Debug|Any CPU.ActiveCfg = Debug|Any CPU
		{6249DEC1-4330-4CA3-BB8C-A8FF44351F35}.Debug|Any CPU.Build.0 = Debug|Any CPU
		{6249DEC1-4330-4CA3-BB8C-A8FF44351F35}.Release|Any CPU.ActiveCfg = Release|Any CPU
		{6249DEC1-4330-4CA3-BB8C-A8FF44351F35}.Release|Any CPU.Build.0 = Release|Any CPU
		{7217D307-208A-43F6-A4D4-FDB10418DBA0}.Debug|Any CPU.ActiveCfg = Debug|Any CPU
		{7217D307-208A-43F6-A4D4-FDB10418DBA0}.Debug|Any CPU.Build.0 = Debug|Any CPU
		{7217D307-208A-43F6-A4D4-FDB10418DBA0}.Release|Any CPU.ActiveCfg = Release|Any CPU
		{7217D307-208A-43F6-A4D4-FDB10418DBA0}.Release|Any CPU.Build.0 = Release|Any CPU
		{6DF6A4EA-080F-4699-B865-C3513F520105}.Debug|Any CPU.ActiveCfg = Debug|Any CPU
		{6DF6A4EA-080F-4699-B865-C3513F520105}.Debug|Any CPU.Build.0 = Debug|Any CPU
		{6DF6A4EA-080F-4699-B865-C3513F520105}.Release|Any CPU.ActiveCfg = Release|Any CPU
		{6DF6A4EA-080F-4699-B865-C3513F520105}.Release|Any CPU.Build.0 = Release|Any CPU
		{F7990639-067F-48E5-91E9-918527CA8CC5}.Debug|Any CPU.ActiveCfg = Debug|Any CPU
		{F7990639-067F-48E5-91E9-918527CA8CC5}.Debug|Any CPU.Build.0 = Debug|Any CPU
		{F7990639-067F-48E5-91E9-918527CA8CC5}.Release|Any CPU.ActiveCfg = Release|Any CPU
		{F7990639-067F-48E5-91E9-918527CA8CC5}.Release|Any CPU.Build.0 = Release|Any CPU
	EndGlobalSection
	GlobalSection(SolutionProperties) = preSolution
		HideSolutionNode = FALSE
	EndGlobalSection
	GlobalSection(ExtensibilityGlobals) = postSolution
		SolutionGuid = {A53F0D0A-FEE8-45D7-B9E2-41F7D906967B}
	EndGlobalSection
EndGlobal
